// !$*UTF8*$!
{
	archiveVersion = 1;
	classes = {
	};
	objectVersion = 56;
	objects = {

/* Begin PBXBuildFile section */
		05C72DF128F2BD8900AC47EA /* AppDelegate.swift in Sources */ = {isa = PBXBuildFile; fileRef = 05C72DF028F2BD8900AC47EA /* AppDelegate.swift */; };
		05C72DF328F2BD8900AC47EA /* SceneDelegate.swift in Sources */ = {isa = PBXBuildFile; fileRef = 05C72DF228F2BD8900AC47EA /* SceneDelegate.swift */; };
		05C72DF528F2BD8900AC47EA /* ViewController.swift in Sources */ = {isa = PBXBuildFile; fileRef = 05C72DF428F2BD8900AC47EA /* ViewController.swift */; };
		05C72DF828F2BD8900AC47EA /* Main.storyboard in Resources */ = {isa = PBXBuildFile; fileRef = 05C72DF628F2BD8900AC47EA /* Main.storyboard */; };
		05C72DFA28F2BD8A00AC47EA /* Assets.xcassets in Resources */ = {isa = PBXBuildFile; fileRef = 05C72DF928F2BD8A00AC47EA /* Assets.xcassets */; };
		05C72DFD28F2BD8A00AC47EA /* LaunchScreen.storyboard in Resources */ = {isa = PBXBuildFile; fileRef = 05C72DFB28F2BD8A00AC47EA /* LaunchScreen.storyboard */; };
		05C72E0828F2BD8A00AC47EA /* todolistTests.swift in Sources */ = {isa = PBXBuildFile; fileRef = 05C72E0728F2BD8A00AC47EA /* todolistTests.swift */; };
		05C72E1228F2BD8A00AC47EA /* todolistUITests.swift in Sources */ = {isa = PBXBuildFile; fileRef = 05C72E1128F2BD8A00AC47EA /* todolistUITests.swift */; };
		05C72E1428F2BD8A00AC47EA /* todolistUITestsLaunchTests.swift in Sources */ = {isa = PBXBuildFile; fileRef = 05C72E1328F2BD8A00AC47EA /* todolistUITestsLaunchTests.swift */; };
		05C72E2128F2C7F300AC47EA /* Task.swift in Sources */ = {isa = PBXBuildFile; fileRef = 05C72E2028F2C7F300AC47EA /* Task.swift */; };
/* End PBXBuildFile section */

/* Begin PBXContainerItemProxy section */
		05C72E0428F2BD8A00AC47EA /* PBXContainerItemProxy */ = {
			isa = PBXContainerItemProxy;
			containerPortal = 05C72DE528F2BD8900AC47EA /* Project object */;
			proxyType = 1;
			remoteGlobalIDString = 05C72DEC28F2BD8900AC47EA;
			remoteInfo = todolist;
		};
		05C72E0E28F2BD8A00AC47EA /* PBXContainerItemProxy */ = {
			isa = PBXContainerItemProxy;
			containerPortal = 05C72DE528F2BD8900AC47EA /* Project object */;
			proxyType = 1;
			remoteGlobalIDString = 05C72DEC28F2BD8900AC47EA;
			remoteInfo = todolist;
		};
/* End PBXContainerItemProxy section */

/* Begin PBXFileReference section */
		05C72DED28F2BD8900AC47EA /* todolist.app */ = {isa = PBXFileReference; explicitFileType = wrapper.application; includeInIndex = 0; path = todolist.app; sourceTree = BUILT_PRODUCTS_DIR; };
		05C72DF028F2BD8900AC47EA /* AppDelegate.swift */ = {isa = PBXFileReference; lastKnownFileType = sourcecode.swift; path = AppDelegate.swift; sourceTree = "<group>"; };
		05C72DF228F2BD8900AC47EA /* SceneDelegate.swift */ = {isa = PBXFileReference; lastKnownFileType = sourcecode.swift; path = SceneDelegate.swift; sourceTree = "<group>"; };
		05C72DF428F2BD8900AC47EA /* ViewController.swift */ = {isa = PBXFileReference; lastKnownFileType = sourcecode.swift; path = ViewController.swift; sourceTree = "<group>"; };
		05C72DF728F2BD8900AC47EA /* Base */ = {isa = PBXFileReference; lastKnownFileType = file.storyboard; name = Base; path = Base.lproj/Main.storyboard; sourceTree = "<group>"; };
		05C72DF928F2BD8A00AC47EA /* Assets.xcassets */ = {isa = PBXFileReference; lastKnownFileType = folder.assetcatalog; path = Assets.xcassets; sourceTree = "<group>"; };
		05C72DFC28F2BD8A00AC47EA /* Base */ = {isa = PBXFileReference; lastKnownFileType = file.storyboard; name = Base; path = Base.lproj/LaunchScreen.storyboard; sourceTree = "<group>"; };
		05C72DFE28F2BD8A00AC47EA /* Info.plist */ = {isa = PBXFileReference; lastKnownFileType = text.plist.xml; path = Info.plist; sourceTree = "<group>"; };
		05C72E0328F2BD8A00AC47EA /* todolistTests.xctest */ = {isa = PBXFileReference; explicitFileType = wrapper.cfbundle; includeInIndex = 0; path = todolistTests.xctest; sourceTree = BUILT_PRODUCTS_DIR; };
		05C72E0728F2BD8A00AC47EA /* todolistTests.swift */ = {isa = PBXFileReference; lastKnownFileType = sourcecode.swift; path = todolistTests.swift; sourceTree = "<group>"; };
		05C72E0D28F2BD8A00AC47EA /* todolistUITests.xctest */ = {isa = PBXFileReference; explicitFileType = wrapper.cfbundle; includeInIndex = 0; path = todolistUITests.xctest; sourceTree = BUILT_PRODUCTS_DIR; };
		05C72E1128F2BD8A00AC47EA /* todolistUITests.swift */ = {isa = PBXFileReference; lastKnownFileType = sourcecode.swift; path = todolistUITests.swift; sourceTree = "<group>"; };
		05C72E1328F2BD8A00AC47EA /* todolistUITestsLaunchTests.swift */ = {isa = PBXFileReference; lastKnownFileType = sourcecode.swift; path = todolistUITestsLaunchTests.swift; sourceTree = "<group>"; };
		05C72E2028F2C7F300AC47EA /* Task.swift */ = {isa = PBXFileReference; lastKnownFileType = sourcecode.swift; path = Task.swift; sourceTree = "<group>"; };
/* End PBXFileReference section */

/* Begin PBXFrameworksBuildPhase section */
		05C72DEA28F2BD8900AC47EA /* Frameworks */ = {
			isa = PBXFrameworksBuildPhase;
			buildActionMask = 2147483647;
			files = (
			);
			runOnlyForDeploymentPostprocessing = 0;
		};
		05C72E0028F2BD8A00AC47EA /* Frameworks */ = {
			isa = PBXFrameworksBuildPhase;
			buildActionMask = 2147483647;
			files = (
			);
			runOnlyForDeploymentPostprocessing = 0;
		};
		05C72E0A28F2BD8A00AC47EA /* Frameworks */ = {
			isa = PBXFrameworksBuildPhase;
			buildActionMask = 2147483647;
			files = (
			);
			runOnlyForDeploymentPostprocessing = 0;
		};
/* End PBXFrameworksBuildPhase section */

/* Begin PBXGroup section */
		05C72DE428F2BD8900AC47EA = {
			isa = PBXGroup;
			children = (
				05C72DEF28F2BD8900AC47EA /* todolist */,
				05C72E0628F2BD8A00AC47EA /* todolistTests */,
				05C72E1028F2BD8A00AC47EA /* todolistUITests */,
				05C72DEE28F2BD8900AC47EA /* Products */,
			);
			sourceTree = "<group>";
		};
		05C72DEE28F2BD8900AC47EA /* Products */ = {
			isa = PBXGroup;
			children = (
				05C72DED28F2BD8900AC47EA /* todolist.app */,
				05C72E0328F2BD8A00AC47EA /* todolistTests.xctest */,
				05C72E0D28F2BD8A00AC47EA /* todolistUITests.xctest */,
			);
			name = Products;
			sourceTree = "<group>";
		};
		05C72DEF28F2BD8900AC47EA /* todolist */ = {
			isa = PBXGroup;
			children = (
				05C72DF028F2BD8900AC47EA /* AppDelegate.swift */,
				05C72DF228F2BD8900AC47EA /* SceneDelegate.swift */,
				05C72DF428F2BD8900AC47EA /* ViewController.swift */,
				05C72DF628F2BD8900AC47EA /* Main.storyboard */,
				05C72DF928F2BD8A00AC47EA /* Assets.xcassets */,
				05C72DFB28F2BD8A00AC47EA /* LaunchScreen.storyboard */,
				05C72DFE28F2BD8A00AC47EA /* Info.plist */,
				05C72E2028F2C7F300AC47EA /* Task.swift */,
			);
			path = todolist;
			sourceTree = "<group>";
		};
		05C72E0628F2BD8A00AC47EA /* todolistTests */ = {
			isa = PBXGroup;
			children = (
				05C72E0728F2BD8A00AC47EA /* todolistTests.swift */,
			);
			path = todolistTests;
			sourceTree = "<group>";
		};
		05C72E1028F2BD8A00AC47EA /* todolistUITests */ = {
			isa = PBXGroup;
			children = (
				05C72E1128F2BD8A00AC47EA /* todolistUITests.swift */,
				05C72E1328F2BD8A00AC47EA /* todolistUITestsLaunchTests.swift */,
			);
			path = todolistUITests;
			sourceTree = "<group>";
		};
/* End PBXGroup section */

/* Begin PBXNativeTarget section */
		05C72DEC28F2BD8900AC47EA /* todolist */ = {
			isa = PBXNativeTarget;
			buildConfigurationList = 05C72E1728F2BD8A00AC47EA /* Build configuration list for PBXNativeTarget "todolist" */;
			buildPhases = (
				05C72DE928F2BD8900AC47EA /* Sources */,
				05C72DEA28F2BD8900AC47EA /* Frameworks */,
				05C72DEB28F2BD8900AC47EA /* Resources */,
			);
			buildRules = (
			);
			dependencies = (
			);
			name = todolist;
			productName = todolist;
			productReference = 05C72DED28F2BD8900AC47EA /* todolist.app */;
			productType = "com.apple.product-type.application";
		};
		05C72E0228F2BD8A00AC47EA /* todolistTests */ = {
			isa = PBXNativeTarget;
			buildConfigurationList = 05C72E1A28F2BD8A00AC47EA /* Build configuration list for PBXNativeTarget "todolistTests" */;
			buildPhases = (
				05C72DFF28F2BD8A00AC47EA /* Sources */,
				05C72E0028F2BD8A00AC47EA /* Frameworks */,
				05C72E0128F2BD8A00AC47EA /* Resources */,
			);
			buildRules = (
			);
			dependencies = (
				05C72E0528F2BD8A00AC47EA /* PBXTargetDependency */,
			);
			name = todolistTests;
			productName = todolistTests;
			productReference = 05C72E0328F2BD8A00AC47EA /* todolistTests.xctest */;
			productType = "com.apple.product-type.bundle.unit-test";
		};
		05C72E0C28F2BD8A00AC47EA /* todolistUITests */ = {
			isa = PBXNativeTarget;
			buildConfigurationList = 05C72E1D28F2BD8A00AC47EA /* Build configuration list for PBXNativeTarget "todolistUITests" */;
			buildPhases = (
				05C72E0928F2BD8A00AC47EA /* Sources */,
				05C72E0A28F2BD8A00AC47EA /* Frameworks */,
				05C72E0B28F2BD8A00AC47EA /* Resources */,
			);
			buildRules = (
			);
			dependencies = (
				05C72E0F28F2BD8A00AC47EA /* PBXTargetDependency */,
			);
			name = todolistUITests;
			productName = todolistUITests;
			productReference = 05C72E0D28F2BD8A00AC47EA /* todolistUITests.xctest */;
			productType = "com.apple.product-type.bundle.ui-testing";
		};
/* End PBXNativeTarget section */

/* Begin PBXProject section */
		05C72DE528F2BD8900AC47EA /* Project object */ = {
			isa = PBXProject;
			attributes = {
				BuildIndependentTargetsInParallel = 1;
				LastSwiftUpdateCheck = 1400;
				LastUpgradeCheck = 1400;
				TargetAttributes = {
					05C72DEC28F2BD8900AC47EA = {
						CreatedOnToolsVersion = 14.0.1;
					};
					05C72E0228F2BD8A00AC47EA = {
						CreatedOnToolsVersion = 14.0.1;
						TestTargetID = 05C72DEC28F2BD8900AC47EA;
					};
					05C72E0C28F2BD8A00AC47EA = {
						CreatedOnToolsVersion = 14.0.1;
						TestTargetID = 05C72DEC28F2BD8900AC47EA;
					};
				};
			};
			buildConfigurationList = 05C72DE828F2BD8900AC47EA /* Build configuration list for PBXProject "todolist" */;
			compatibilityVersion = "Xcode 14.0";
			developmentRegion = en;
			hasScannedForEncodings = 0;
			knownRegions = (
				en,
				Base,
			);
			mainGroup = 05C72DE428F2BD8900AC47EA;
			productRefGroup = 05C72DEE28F2BD8900AC47EA /* Products */;
			projectDirPath = "";
			projectRoot = "";
			targets = (
				05C72DEC28F2BD8900AC47EA /* todolist */,
				05C72E0228F2BD8A00AC47EA /* todolistTests */,
				05C72E0C28F2BD8A00AC47EA /* todolistUITests */,
			);
		};
/* End PBXProject section */

/* Begin PBXResourcesBuildPhase section */
		05C72DEB28F2BD8900AC47EA /* Resources */ = {
			isa = PBXResourcesBuildPhase;
			buildActionMask = 2147483647;
			files = (
				05C72DFD28F2BD8A00AC47EA /* LaunchScreen.storyboard in Resources */,
				05C72DFA28F2BD8A00AC47EA /* Assets.xcassets in Resources */,
				05C72DF828F2BD8900AC47EA /* Main.storyboard in Resources */,
			);
			runOnlyForDeploymentPostprocessing = 0;
		};
		05C72E0128F2BD8A00AC47EA /* Resources */ = {
			isa = PBXResourcesBuildPhase;
			buildActionMask = 2147483647;
			files = (
			);
			runOnlyForDeploymentPostprocessing = 0;
		};
		05C72E0B28F2BD8A00AC47EA /* Resources */ = {
			isa = PBXResourcesBuildPhase;
			buildActionMask = 2147483647;
			files = (
			);
			runOnlyForDeploymentPostprocessing = 0;
		};
/* End PBXResourcesBuildPhase section */

/* Begin PBXSourcesBuildPhase section */
		05C72DE928F2BD8900AC47EA /* Sources */ = {
			isa = PBXSourcesBuildPhase;
			buildActionMask = 2147483647;
			files = (
				05C72E2128F2C7F300AC47EA /* Task.swift in Sources */,
				05C72DF528F2BD8900AC47EA /* ViewController.swift in Sources */,
				05C72DF128F2BD8900AC47EA /* AppDelegate.swift in Sources */,
				05C72DF328F2BD8900AC47EA /* SceneDelegate.swift in Sources */,
			);
			runOnlyForDeploymentPostprocessing = 0;
		};
		05C72DFF28F2BD8A00AC47EA /* Sources */ = {
			isa = PBXSourcesBuildPhase;
			buildActionMask = 2147483647;
			files = (
				05C72E0828F2BD8A00AC47EA /* todolistTests.swift in Sources */,
			);
			runOnlyForDeploymentPostprocessing = 0;
		};
		05C72E0928F2BD8A00AC47EA /* Sources */ = {
			isa = PBXSourcesBuildPhase;
			buildActionMask = 2147483647;
			files = (
				05C72E1428F2BD8A00AC47EA /* todolistUITestsLaunchTests.swift in Sources */,
				05C72E1228F2BD8A00AC47EA /* todolistUITests.swift in Sources */,
			);
			runOnlyForDeploymentPostprocessing = 0;
		};
/* End PBXSourcesBuildPhase section */

/* Begin PBXTargetDependency section */
		05C72E0528F2BD8A00AC47EA /* PBXTargetDependency */ = {
			isa = PBXTargetDependency;
			target = 05C72DEC28F2BD8900AC47EA /* todolist */;
			targetProxy = 05C72E0428F2BD8A00AC47EA /* PBXContainerItemProxy */;
		};
		05C72E0F28F2BD8A00AC47EA /* PBXTargetDependency */ = {
			isa = PBXTargetDependency;
			target = 05C72DEC28F2BD8900AC47EA /* todolist */;
			targetProxy = 05C72E0E28F2BD8A00AC47EA /* PBXContainerItemProxy */;
		};
/* End PBXTargetDependency section */

/* Begin PBXVariantGroup section */
		05C72DF628F2BD8900AC47EA /* Main.storyboard */ = {
			isa = PBXVariantGroup;
			children = (
				05C72DF728F2BD8900AC47EA /* Base */,
			);
			name = Main.storyboard;
			sourceTree = "<group>";
		};
		05C72DFB28F2BD8A00AC47EA /* LaunchScreen.storyboard */ = {
			isa = PBXVariantGroup;
			children = (
				05C72DFC28F2BD8A00AC47EA /* Base */,
			);
			name = LaunchScreen.storyboard;
			sourceTree = "<group>";
		};
/* End PBXVariantGroup section */

/* Begin XCBuildConfiguration section */
		05C72E1528F2BD8A00AC47EA /* Debug */ = {
			isa = XCBuildConfiguration;
			buildSettings = {
				ALWAYS_SEARCH_USER_PATHS = NO;
				CLANG_ANALYZER_NONNULL = YES;
				CLANG_ANALYZER_NUMBER_OBJECT_CONVERSION = YES_AGGRESSIVE;
				CLANG_CXX_LANGUAGE_STANDARD = "gnu++20";
				CLANG_ENABLE_MODULES = YES;
				CLANG_ENABLE_OBJC_ARC = YES;
				CLANG_ENABLE_OBJC_WEAK = YES;
				CLANG_WARN_BLOCK_CAPTURE_AUTORELEASING = YES;
				CLANG_WARN_BOOL_CONVERSION = YES;
				CLANG_WARN_COMMA = YES;
				CLANG_WARN_CONSTANT_CONVERSION = YES;
				CLANG_WARN_DEPRECATED_OBJC_IMPLEMENTATIONS = YES;
				CLANG_WARN_DIRECT_OBJC_ISA_USAGE = YES_ERROR;
				CLANG_WARN_DOCUMENTATION_COMMENTS = YES;
				CLANG_WARN_EMPTY_BODY = YES;
				CLANG_WARN_ENUM_CONVERSION = YES;
				CLANG_WARN_INFINITE_RECURSION = YES;
				CLANG_WARN_INT_CONVERSION = YES;
				CLANG_WARN_NON_LITERAL_NULL_CONVERSION = YES;
				CLANG_WARN_OBJC_IMPLICIT_RETAIN_SELF = YES;
				CLANG_WARN_OBJC_LITERAL_CONVERSION = YES;
				CLANG_WARN_OBJC_ROOT_CLASS = YES_ERROR;
				CLANG_WARN_QUOTED_INCLUDE_IN_FRAMEWORK_HEADER = YES;
				CLANG_WARN_RANGE_LOOP_ANALYSIS = YES;
				CLANG_WARN_STRICT_PROTOTYPES = YES;
				CLANG_WARN_SUSPICIOUS_MOVE = YES;
				CLANG_WARN_UNGUARDED_AVAILABILITY = YES_AGGRESSIVE;
				CLANG_WARN_UNREACHABLE_CODE = YES;
				CLANG_WARN__DUPLICATE_METHOD_MATCH = YES;
				COPY_PHASE_STRIP = NO;
				DEBUG_INFORMATION_FORMAT = dwarf;
				ENABLE_STRICT_OBJC_MSGSEND = YES;
				ENABLE_TESTABILITY = YES;
				GCC_C_LANGUAGE_STANDARD = gnu11;
				GCC_DYNAMIC_NO_PIC = NO;
				GCC_NO_COMMON_BLOCKS = YES;
				GCC_OPTIMIZATION_LEVEL = 0;
				GCC_PREPROCESSOR_DEFINITIONS = (
					"DEBUG=1",
					"$(inherited)",
				);
				GCC_WARN_64_TO_32_BIT_CONVERSION = YES;
				GCC_WARN_ABOUT_RETURN_TYPE = YES_ERROR;
				GCC_WARN_UNDECLARED_SELECTOR = YES;
				GCC_WARN_UNINITIALIZED_AUTOS = YES_AGGRESSIVE;
				GCC_WARN_UNUSED_FUNCTION = YES;
				GCC_WARN_UNUSED_VARIABLE = YES;
				IPHONEOS_DEPLOYMENT_TARGET = 16.0;
				MTL_ENABLE_DEBUG_INFO = INCLUDE_SOURCE;
				MTL_FAST_MATH = YES;
				ONLY_ACTIVE_ARCH = YES;
				SDKROOT = iphoneos;
				SWIFT_ACTIVE_COMPILATION_CONDITIONS = DEBUG;
				SWIFT_OPTIMIZATION_LEVEL = "-Onone";
			};
			name = Debug;
		};
		05C72E1628F2BD8A00AC47EA /* Release */ = {
			isa = XCBuildConfiguration;
			buildSettings = {
				ALWAYS_SEARCH_USER_PATHS = NO;
				CLANG_ANALYZER_NONNULL = YES;
				CLANG_ANALYZER_NUMBER_OBJECT_CONVERSION = YES_AGGRESSIVE;
				CLANG_CXX_LANGUAGE_STANDARD = "gnu++20";
				CLANG_ENABLE_MODULES = YES;
				CLANG_ENABLE_OBJC_ARC = YES;
				CLANG_ENABLE_OBJC_WEAK = YES;
				CLANG_WARN_BLOCK_CAPTURE_AUTORELEASING = YES;
				CLANG_WARN_BOOL_CONVERSION = YES;
				CLANG_WARN_COMMA = YES;
				CLANG_WARN_CONSTANT_CONVERSION = YES;
				CLANG_WARN_DEPRECATED_OBJC_IMPLEMENTATIONS = YES;
				CLANG_WARN_DIRECT_OBJC_ISA_USAGE = YES_ERROR;
				CLANG_WARN_DOCUMENTATION_COMMENTS = YES;
				CLANG_WARN_EMPTY_BODY = YES;
				CLANG_WARN_ENUM_CONVERSION = YES;
				CLANG_WARN_INFINITE_RECURSION = YES;
				CLANG_WARN_INT_CONVERSION = YES;
				CLANG_WARN_NON_LITERAL_NULL_CONVERSION = YES;
				CLANG_WARN_OBJC_IMPLICIT_RETAIN_SELF = YES;
				CLANG_WARN_OBJC_LITERAL_CONVERSION = YES;
				CLANG_WARN_OBJC_ROOT_CLASS = YES_ERROR;
				CLANG_WARN_QUOTED_INCLUDE_IN_FRAMEWORK_HEADER = YES;
				CLANG_WARN_RANGE_LOOP_ANALYSIS = YES;
				CLANG_WARN_STRICT_PROTOTYPES = YES;
				CLANG_WARN_SUSPICIOUS_MOVE = YES;
				CLANG_WARN_UNGUARDED_AVAILABILITY = YES_AGGRESSIVE;
				CLANG_WARN_UNREACHABLE_CODE = YES;
				CLANG_WARN__DUPLICATE_METHOD_MATCH = YES;
				COPY_PHASE_STRIP = NO;
				DEBUG_INFORMATION_FORMAT = "dwarf-with-dsym";
				ENABLE_NS_ASSERTIONS = NO;
				ENABLE_STRICT_OBJC_MSGSEND = YES;
				GCC_C_LANGUAGE_STANDARD = gnu11;
				GCC_NO_COMMON_BLOCKS = YES;
				GCC_WARN_64_TO_32_BIT_CONVERSION = YES;
				GCC_WARN_ABOUT_RETURN_TYPE = YES_ERROR;
				GCC_WARN_UNDECLARED_SELECTOR = YES;
				GCC_WARN_UNINITIALIZED_AUTOS = YES_AGGRESSIVE;
				GCC_WARN_UNUSED_FUNCTION = YES;
				GCC_WARN_UNUSED_VARIABLE = YES;
				IPHONEOS_DEPLOYMENT_TARGET = 16.0;
				MTL_ENABLE_DEBUG_INFO = NO;
				MTL_FAST_MATH = YES;
				SDKROOT = iphoneos;
				SWIFT_COMPILATION_MODE = wholemodule;
				SWIFT_OPTIMIZATION_LEVEL = "-O";
				VALIDATE_PRODUCT = YES;
			};
			name = Release;
		};
		05C72E1828F2BD8A00AC47EA /* Debug */ = {
			isa = XCBuildConfiguration;
			buildSettings = {
				ASSETCATALOG_COMPILER_APPICON_NAME = AppIcon;
				ASSETCATALOG_COMPILER_GLOBAL_ACCENT_COLOR_NAME = AccentColor;
				CODE_SIGN_STYLE = Automatic;
				CURRENT_PROJECT_VERSION = 1;
				GENERATE_INFOPLIST_FILE = YES;
				INFOPLIST_FILE = todolist/Info.plist;
				INFOPLIST_KEY_UIApplicationSupportsIndirectInputEvents = YES;
				INFOPLIST_KEY_UILaunchStoryboardName = LaunchScreen;
				INFOPLIST_KEY_UIMainStoryboardFile = Main;
				INFOPLIST_KEY_UISupportedInterfaceOrientations_iPad = "UIInterfaceOrientationPortrait UIInterfaceOrientationPortraitUpsideDown UIInterfaceOrientationLandscapeLeft UIInterfaceOrientationLandscapeRight";
				INFOPLIST_KEY_UISupportedInterfaceOrientations_iPhone = "UIInterfaceOrientationPortrait UIInterfaceOrientationLandscapeLeft UIInterfaceOrientationLandscapeRight";
				LD_RUNPATH_SEARCH_PATHS = (
					"$(inherited)",
					"@executable_path/Frameworks",
				);
				MARKETING_VERSION = 1.0;
				PRODUCT_BUNDLE_IDENTIFIER = com.dongunyun.todolist;
				PRODUCT_NAME = "$(TARGET_NAME)";
				SWIFT_EMIT_LOC_STRINGS = YES;
				SWIFT_VERSION = 5.0;
				TARGETED_DEVICE_FAMILY = "1,2";
			};
			name = Debug;
		};
		05C72E1928F2BD8A00AC47EA /* Release */ = {
			isa = XCBuildConfiguration;
			buildSettings = {
				ASSETCATALOG_COMPILER_APPICON_NAME = AppIcon;
				ASSETCATALOG_COMPILER_GLOBAL_ACCENT_COLOR_NAME = AccentColor;
				CODE_SIGN_STYLE = Automatic;
				CURRENT_PROJECT_VERSION = 1;
				GENERATE_INFOPLIST_FILE = YES;
				INFOPLIST_FILE = todolist/Info.plist;
				INFOPLIST_KEY_UIApplicationSupportsIndirectInputEvents = YES;
				INFOPLIST_KEY_UILaunchStoryboardName = LaunchScreen;
				INFOPLIST_KEY_UIMainStoryboardFile = Main;
				INFOPLIST_KEY_UISupportedInterfaceOrientations_iPad = "UIInterfaceOrientationPortrait UIInterfaceOrientationPortraitUpsideDown UIInterfaceOrientationLandscapeLeft UIInterfaceOrientationLandscapeRight";
				INFOPLIST_KEY_UISupportedInterfaceOrientations_iPhone = "UIInterfaceOrientationPortrait UIInterfaceOrientationLandscapeLeft UIInterfaceOrientationLandscapeRight";
				LD_RUNPATH_SEARCH_PATHS = (
					"$(inherited)",
					"@executable_path/Frameworks",
				);
				MARKETING_VERSION = 1.0;
				PRODUCT_BUNDLE_IDENTIFIER = com.dongunyun.todolist;
				PRODUCT_NAME = "$(TARGET_NAME)";
				SWIFT_EMIT_LOC_STRINGS = YES;
				SWIFT_VERSION = 5.0;
				TARGETED_DEVICE_FAMILY = "1,2";
			};
			name = Release;
		};
		05C72E1B28F2BD8A00AC47EA /* Debug */ = {
			isa = XCBuildConfiguration;
			buildSettings = {
				ALWAYS_EMBED_SWIFT_STANDARD_LIBRARIES = YES;
				BUNDLE_LOADER = "$(TEST_HOST)";
				CODE_SIGN_STYLE = Automatic;
				CURRENT_PROJECT_VERSION = 1;
				GENERATE_INFOPLIST_FILE = YES;
				IPHONEOS_DEPLOYMENT_TARGET = 16.0;
				MARKETING_VERSION = 1.0;
				PRODUCT_BUNDLE_IDENTIFIER = com.dongunyun.todolistTests;
				PRODUCT_NAME = "$(TARGET_NAME)";
				SWIFT_EMIT_LOC_STRINGS = NO;
				SWIFT_VERSION = 5.0;
				TARGETED_DEVICE_FAMILY = "1,2";
				TEST_HOST = "$(BUILT_PRODUCTS_DIR)/todolist.app/$(BUNDLE_EXECUTABLE_FOLDER_PATH)/todolist";
			};
			name = Debug;
		};
		05C72E1C28F2BD8A00AC47EA /* Release */ = {
			isa = XCBuildConfiguration;
			buildSettings = {
				ALWAYS_EMBED_SWIFT_STANDARD_LIBRARIES = YES;
				BUNDLE_LOADER = "$(TEST_HOST)";
				CODE_SIGN_STYLE = Automatic;
				CURRENT_PROJECT_VERSION = 1;
				GENERATE_INFOPLIST_FILE = YES;
				IPHONEOS_DEPLOYMENT_TARGET = 16.0;
				MARKETING_VERSION = 1.0;
				PRODUCT_BUNDLE_IDENTIFIER = com.dongunyun.todolistTests;
				PRODUCT_NAME = "$(TARGET_NAME)";
				SWIFT_EMIT_LOC_STRINGS = NO;
				SWIFT_VERSION = 5.0;
				TARGETED_DEVICE_FAMILY = "1,2";
				TEST_HOST = "$(BUILT_PRODUCTS_DIR)/todolist.app/$(BUNDLE_EXECUTABLE_FOLDER_PATH)/todolist";
			};
			name = Release;
		};
		05C72E1E28F2BD8A00AC47EA /* Debug */ = {
			isa = XCBuildConfiguration;
			buildSettings = {
				ALWAYS_EMBED_SWIFT_STANDARD_LIBRARIES = YES;
				CODE_SIGN_STYLE = Automatic;
				CURRENT_PROJECT_VERSION = 1;
				GENERATE_INFOPLIST_FILE = YES;
				MARKETING_VERSION = 1.0;
				PRODUCT_BUNDLE_IDENTIFIER = com.dongunyun.todolistUITests;
				PRODUCT_NAME = "$(TARGET_NAME)";
				SWIFT_EMIT_LOC_STRINGS = NO;
				SWIFT_VERSION = 5.0;
				TARGETED_DEVICE_FAMILY = "1,2";
				TEST_TARGET_NAME = todolist;
			};
			name = Debug;
		};
		05C72E1F28F2BD8A00AC47EA /* Release */ = {
			isa = XCBuildConfiguration;
			buildSettings = {
				ALWAYS_EMBED_SWIFT_STANDARD_LIBRARIES = YES;
				CODE_SIGN_STYLE = Automatic;
				CURRENT_PROJECT_VERSION = 1;
				GENERATE_INFOPLIST_FILE = YES;
				MARKETING_VERSION = 1.0;
				PRODUCT_BUNDLE_IDENTIFIER = com.dongunyun.todolistUITests;
				PRODUCT_NAME = "$(TARGET_NAME)";
				SWIFT_EMIT_LOC_STRINGS = NO;
				SWIFT_VERSION = 5.0;
				TARGETED_DEVICE_FAMILY = "1,2";
				TEST_TARGET_NAME = todolist;
			};
			name = Release;
		};
/* End XCBuildConfiguration section */

/* Begin XCConfigurationList section */
		05C72DE828F2BD8900AC47EA /* Build configuration list for PBXProject "todolist" */ = {
			isa = XCConfigurationList;
			buildConfigurations = (
				05C72E1528F2BD8A00AC47EA /* Debug */,
				05C72E1628F2BD8A00AC47EA /* Release */,
			);
			defaultConfigurationIsVisible = 0;
			defaultConfigurationName = Release;
		};
		05C72E1728F2BD8A00AC47EA /* Build configuration list for PBXNativeTarget "todolist" */ = {
			isa = XCConfigurationList;
			buildConfigurations = (
				05C72E1828F2BD8A00AC47EA /* Debug */,
				05C72E1928F2BD8A00AC47EA /* Release */,
			);
			defaultConfigurationIsVisible = 0;
			defaultConfigurationName = Release;
		};
		05C72E1A28F2BD8A00AC47EA /* Build configuration list for PBXNativeTarget "todolistTests" */ = {
			isa = XCConfigurationList;
			buildConfigurations = (
				05C72E1B28F2BD8A00AC47EA /* Debug */,
				05C72E1C28F2BD8A00AC47EA /* Release */,
			);
			defaultConfigurationIsVisible = 0;
			defaultConfigurationName = Release;
		};
		05C72E1D28F2BD8A00AC47EA /* Build configuration list for PBXNativeTarget "todolistUITests" */ = {
			isa = XCConfigurationList;
			buildConfigurations = (
				05C72E1E28F2BD8A00AC47EA /* Debug */,
				05C72E1F28F2BD8A00AC47EA /* Release */,
			);
			defaultConfigurationIsVisible = 0;
			defaultConfigurationName = Release;
		};
/* End XCConfigurationList section */
	};
	rootObject = 05C72DE528F2BD8900AC47EA /* Project object */;
}
