// !$*UTF8*$!
{
	archiveVersion = 1;
	classes = {
	};
	objectVersion = 56;
	objects = {

/* Begin PBXBuildFile section */
		05C72DB328F11B2B00AC47EA /* AppDelegate.swift in Sources */ = {isa = PBXBuildFile; fileRef = 05C72DB228F11B2B00AC47EA /* AppDelegate.swift */; };
		05C72DB528F11B2B00AC47EA /* SceneDelegate.swift in Sources */ = {isa = PBXBuildFile; fileRef = 05C72DB428F11B2B00AC47EA /* SceneDelegate.swift */; };
		05C72DB728F11B2B00AC47EA /* ViewController.swift in Sources */ = {isa = PBXBuildFile; fileRef = 05C72DB628F11B2B00AC47EA /* ViewController.swift */; };
		05C72DBA28F11B2B00AC47EA /* Main.storyboard in Resources */ = {isa = PBXBuildFile; fileRef = 05C72DB828F11B2B00AC47EA /* Main.storyboard */; };
		05C72DBC28F11B2B00AC47EA /* Assets.xcassets in Resources */ = {isa = PBXBuildFile; fileRef = 05C72DBB28F11B2B00AC47EA /* Assets.xcassets */; };
		05C72DBF28F11B2B00AC47EA /* LaunchScreen.storyboard in Resources */ = {isa = PBXBuildFile; fileRef = 05C72DBD28F11B2B00AC47EA /* LaunchScreen.storyboard */; };
		05C72DCA28F11B2B00AC47EA /* calculatorTests.swift in Sources */ = {isa = PBXBuildFile; fileRef = 05C72DC928F11B2B00AC47EA /* calculatorTests.swift */; };
		05C72DD428F11B2B00AC47EA /* calculatorUITests.swift in Sources */ = {isa = PBXBuildFile; fileRef = 05C72DD328F11B2B00AC47EA /* calculatorUITests.swift */; };
		05C72DD628F11B2B00AC47EA /* calculatorUITestsLaunchTests.swift in Sources */ = {isa = PBXBuildFile; fileRef = 05C72DD528F11B2B00AC47EA /* calculatorUITestsLaunchTests.swift */; };
		05C72DE328F1315400AC47EA /* RoundButton.swift in Sources */ = {isa = PBXBuildFile; fileRef = 05C72DE228F1315400AC47EA /* RoundButton.swift */; };
/* End PBXBuildFile section */

/* Begin PBXContainerItemProxy section */
		05C72DC628F11B2B00AC47EA /* PBXContainerItemProxy */ = {
			isa = PBXContainerItemProxy;
			containerPortal = 05C72DA728F11B2B00AC47EA /* Project object */;
			proxyType = 1;
			remoteGlobalIDString = 05C72DAE28F11B2B00AC47EA;
			remoteInfo = calculator;
		};
		05C72DD028F11B2B00AC47EA /* PBXContainerItemProxy */ = {
			isa = PBXContainerItemProxy;
			containerPortal = 05C72DA728F11B2B00AC47EA /* Project object */;
			proxyType = 1;
			remoteGlobalIDString = 05C72DAE28F11B2B00AC47EA;
			remoteInfo = calculator;
		};
/* End PBXContainerItemProxy section */

/* Begin PBXFileReference section */
		05C72DAF28F11B2B00AC47EA /* calculator.app */ = {isa = PBXFileReference; explicitFileType = wrapper.application; includeInIndex = 0; path = calculator.app; sourceTree = BUILT_PRODUCTS_DIR; };
		05C72DB228F11B2B00AC47EA /* AppDelegate.swift */ = {isa = PBXFileReference; lastKnownFileType = sourcecode.swift; path = AppDelegate.swift; sourceTree = "<group>"; };
		05C72DB428F11B2B00AC47EA /* SceneDelegate.swift */ = {isa = PBXFileReference; lastKnownFileType = sourcecode.swift; path = SceneDelegate.swift; sourceTree = "<group>"; };
		05C72DB628F11B2B00AC47EA /* ViewController.swift */ = {isa = PBXFileReference; lastKnownFileType = sourcecode.swift; path = ViewController.swift; sourceTree = "<group>"; usesTabs = 0; };
		05C72DB928F11B2B00AC47EA /* Base */ = {isa = PBXFileReference; lastKnownFileType = file.storyboard; name = Base; path = Base.lproj/Main.storyboard; sourceTree = "<group>"; };
		05C72DBB28F11B2B00AC47EA /* Assets.xcassets */ = {isa = PBXFileReference; lastKnownFileType = folder.assetcatalog; path = Assets.xcassets; sourceTree = "<group>"; };
		05C72DBE28F11B2B00AC47EA /* Base */ = {isa = PBXFileReference; lastKnownFileType = file.storyboard; name = Base; path = Base.lproj/LaunchScreen.storyboard; sourceTree = "<group>"; };
		05C72DC028F11B2B00AC47EA /* Info.plist */ = {isa = PBXFileReference; lastKnownFileType = text.plist.xml; path = Info.plist; sourceTree = "<group>"; };
		05C72DC528F11B2B00AC47EA /* calculatorTests.xctest */ = {isa = PBXFileReference; explicitFileType = wrapper.cfbundle; includeInIndex = 0; path = calculatorTests.xctest; sourceTree = BUILT_PRODUCTS_DIR; };
		05C72DC928F11B2B00AC47EA /* calculatorTests.swift */ = {isa = PBXFileReference; lastKnownFileType = sourcecode.swift; path = calculatorTests.swift; sourceTree = "<group>"; };
		05C72DCF28F11B2B00AC47EA /* calculatorUITests.xctest */ = {isa = PBXFileReference; explicitFileType = wrapper.cfbundle; includeInIndex = 0; path = calculatorUITests.xctest; sourceTree = BUILT_PRODUCTS_DIR; };
		05C72DD328F11B2B00AC47EA /* calculatorUITests.swift */ = {isa = PBXFileReference; lastKnownFileType = sourcecode.swift; path = calculatorUITests.swift; sourceTree = "<group>"; };
		05C72DD528F11B2B00AC47EA /* calculatorUITestsLaunchTests.swift */ = {isa = PBXFileReference; lastKnownFileType = sourcecode.swift; path = calculatorUITestsLaunchTests.swift; sourceTree = "<group>"; };
		05C72DE228F1315400AC47EA /* RoundButton.swift */ = {isa = PBXFileReference; lastKnownFileType = sourcecode.swift; path = RoundButton.swift; sourceTree = "<group>"; };
/* End PBXFileReference section */

/* Begin PBXFrameworksBuildPhase section */
		05C72DAC28F11B2B00AC47EA /* Frameworks */ = {
			isa = PBXFrameworksBuildPhase;
			buildActionMask = 2147483647;
			files = (
			);
			runOnlyForDeploymentPostprocessing = 0;
		};
		05C72DC228F11B2B00AC47EA /* Frameworks */ = {
			isa = PBXFrameworksBuildPhase;
			buildActionMask = 2147483647;
			files = (
			);
			runOnlyForDeploymentPostprocessing = 0;
		};
		05C72DCC28F11B2B00AC47EA /* Frameworks */ = {
			isa = PBXFrameworksBuildPhase;
			buildActionMask = 2147483647;
			files = (
			);
			runOnlyForDeploymentPostprocessing = 0;
		};
/* End PBXFrameworksBuildPhase section */

/* Begin PBXGroup section */
		05C72DA628F11B2B00AC47EA = {
			isa = PBXGroup;
			children = (
				05C72DB128F11B2B00AC47EA /* calculator */,
				05C72DC828F11B2B00AC47EA /* calculatorTests */,
				05C72DD228F11B2B00AC47EA /* calculatorUITests */,
				05C72DB028F11B2B00AC47EA /* Products */,
			);
			sourceTree = "<group>";
		};
		05C72DB028F11B2B00AC47EA /* Products */ = {
			isa = PBXGroup;
			children = (
				05C72DAF28F11B2B00AC47EA /* calculator.app */,
				05C72DC528F11B2B00AC47EA /* calculatorTests.xctest */,
				05C72DCF28F11B2B00AC47EA /* calculatorUITests.xctest */,
			);
			name = Products;
			sourceTree = "<group>";
		};
		05C72DB128F11B2B00AC47EA /* calculator */ = {
			isa = PBXGroup;
			children = (
				05C72DB228F11B2B00AC47EA /* AppDelegate.swift */,
				05C72DB428F11B2B00AC47EA /* SceneDelegate.swift */,
				05C72DB628F11B2B00AC47EA /* ViewController.swift */,
				05C72DB828F11B2B00AC47EA /* Main.storyboard */,
				05C72DBB28F11B2B00AC47EA /* Assets.xcassets */,
				05C72DBD28F11B2B00AC47EA /* LaunchScreen.storyboard */,
				05C72DC028F11B2B00AC47EA /* Info.plist */,
				05C72DE228F1315400AC47EA /* RoundButton.swift */,
			);
			path = calculator;
			sourceTree = "<group>";
		};
		05C72DC828F11B2B00AC47EA /* calculatorTests */ = {
			isa = PBXGroup;
			children = (
				05C72DC928F11B2B00AC47EA /* calculatorTests.swift */,
			);
			path = calculatorTests;
			sourceTree = "<group>";
		};
		05C72DD228F11B2B00AC47EA /* calculatorUITests */ = {
			isa = PBXGroup;
			children = (
				05C72DD328F11B2B00AC47EA /* calculatorUITests.swift */,
				05C72DD528F11B2B00AC47EA /* calculatorUITestsLaunchTests.swift */,
			);
			path = calculatorUITests;
			sourceTree = "<group>";
		};
/* End PBXGroup section */

/* Begin PBXNativeTarget section */
		05C72DAE28F11B2B00AC47EA /* calculator */ = {
			isa = PBXNativeTarget;
			buildConfigurationList = 05C72DD928F11B2B00AC47EA /* Build configuration list for PBXNativeTarget "calculator" */;
			buildPhases = (
				05C72DAB28F11B2B00AC47EA /* Sources */,
				05C72DAC28F11B2B00AC47EA /* Frameworks */,
				05C72DAD28F11B2B00AC47EA /* Resources */,
			);
			buildRules = (
			);
			dependencies = (
			);
			name = calculator;
			productName = calculator;
			productReference = 05C72DAF28F11B2B00AC47EA /* calculator.app */;
			productType = "com.apple.product-type.application";
		};
		05C72DC428F11B2B00AC47EA /* calculatorTests */ = {
			isa = PBXNativeTarget;
			buildConfigurationList = 05C72DDC28F11B2B00AC47EA /* Build configuration list for PBXNativeTarget "calculatorTests" */;
			buildPhases = (
				05C72DC128F11B2B00AC47EA /* Sources */,
				05C72DC228F11B2B00AC47EA /* Frameworks */,
				05C72DC328F11B2B00AC47EA /* Resources */,
			);
			buildRules = (
			);
			dependencies = (
				05C72DC728F11B2B00AC47EA /* PBXTargetDependency */,
			);
			name = calculatorTests;
			productName = calculatorTests;
			productReference = 05C72DC528F11B2B00AC47EA /* calculatorTests.xctest */;
			productType = "com.apple.product-type.bundle.unit-test";
		};
		05C72DCE28F11B2B00AC47EA /* calculatorUITests */ = {
			isa = PBXNativeTarget;
			buildConfigurationList = 05C72DDF28F11B2B00AC47EA /* Build configuration list for PBXNativeTarget "calculatorUITests" */;
			buildPhases = (
				05C72DCB28F11B2B00AC47EA /* Sources */,
				05C72DCC28F11B2B00AC47EA /* Frameworks */,
				05C72DCD28F11B2B00AC47EA /* Resources */,
			);
			buildRules = (
			);
			dependencies = (
				05C72DD128F11B2B00AC47EA /* PBXTargetDependency */,
			);
			name = calculatorUITests;
			productName = calculatorUITests;
			productReference = 05C72DCF28F11B2B00AC47EA /* calculatorUITests.xctest */;
			productType = "com.apple.product-type.bundle.ui-testing";
		};
/* End PBXNativeTarget section */

/* Begin PBXProject section */
		05C72DA728F11B2B00AC47EA /* Project object */ = {
			isa = PBXProject;
			attributes = {
				BuildIndependentTargetsInParallel = 1;
				LastSwiftUpdateCheck = 1400;
				LastUpgradeCheck = 1400;
				TargetAttributes = {
					05C72DAE28F11B2B00AC47EA = {
						CreatedOnToolsVersion = 14.0.1;
					};
					05C72DC428F11B2B00AC47EA = {
						CreatedOnToolsVersion = 14.0.1;
						TestTargetID = 05C72DAE28F11B2B00AC47EA;
					};
					05C72DCE28F11B2B00AC47EA = {
						CreatedOnToolsVersion = 14.0.1;
						TestTargetID = 05C72DAE28F11B2B00AC47EA;
					};
				};
			};
			buildConfigurationList = 05C72DAA28F11B2B00AC47EA /* Build configuration list for PBXProject "calculator" */;
			compatibilityVersion = "Xcode 14.0";
			developmentRegion = en;
			hasScannedForEncodings = 0;
			knownRegions = (
				en,
				Base,
			);
			mainGroup = 05C72DA628F11B2B00AC47EA;
			productRefGroup = 05C72DB028F11B2B00AC47EA /* Products */;
			projectDirPath = "";
			projectRoot = "";
			targets = (
				05C72DAE28F11B2B00AC47EA /* calculator */,
				05C72DC428F11B2B00AC47EA /* calculatorTests */,
				05C72DCE28F11B2B00AC47EA /* calculatorUITests */,
			);
		};
/* End PBXProject section */

/* Begin PBXResourcesBuildPhase section */
		05C72DAD28F11B2B00AC47EA /* Resources */ = {
			isa = PBXResourcesBuildPhase;
			buildActionMask = 2147483647;
			files = (
				05C72DBF28F11B2B00AC47EA /* LaunchScreen.storyboard in Resources */,
				05C72DBC28F11B2B00AC47EA /* Assets.xcassets in Resources */,
				05C72DBA28F11B2B00AC47EA /* Main.storyboard in Resources */,
			);
			runOnlyForDeploymentPostprocessing = 0;
		};
		05C72DC328F11B2B00AC47EA /* Resources */ = {
			isa = PBXResourcesBuildPhase;
			buildActionMask = 2147483647;
			files = (
			);
			runOnlyForDeploymentPostprocessing = 0;
		};
		05C72DCD28F11B2B00AC47EA /* Resources */ = {
			isa = PBXResourcesBuildPhase;
			buildActionMask = 2147483647;
			files = (
			);
			runOnlyForDeploymentPostprocessing = 0;
		};
/* End PBXResourcesBuildPhase section */

/* Begin PBXSourcesBuildPhase section */
		05C72DAB28F11B2B00AC47EA /* Sources */ = {
			isa = PBXSourcesBuildPhase;
			buildActionMask = 2147483647;
			files = (
				05C72DE328F1315400AC47EA /* RoundButton.swift in Sources */,
				05C72DB728F11B2B00AC47EA /* ViewController.swift in Sources */,
				05C72DB328F11B2B00AC47EA /* AppDelegate.swift in Sources */,
				05C72DB528F11B2B00AC47EA /* SceneDelegate.swift in Sources */,
			);
			runOnlyForDeploymentPostprocessing = 0;
		};
		05C72DC128F11B2B00AC47EA /* Sources */ = {
			isa = PBXSourcesBuildPhase;
			buildActionMask = 2147483647;
			files = (
				05C72DCA28F11B2B00AC47EA /* calculatorTests.swift in Sources */,
			);
			runOnlyForDeploymentPostprocessing = 0;
		};
		05C72DCB28F11B2B00AC47EA /* Sources */ = {
			isa = PBXSourcesBuildPhase;
			buildActionMask = 2147483647;
			files = (
				05C72DD628F11B2B00AC47EA /* calculatorUITestsLaunchTests.swift in Sources */,
				05C72DD428F11B2B00AC47EA /* calculatorUITests.swift in Sources */,
			);
			runOnlyForDeploymentPostprocessing = 0;
		};
/* End PBXSourcesBuildPhase section */

/* Begin PBXTargetDependency section */
		05C72DC728F11B2B00AC47EA /* PBXTargetDependency */ = {
			isa = PBXTargetDependency;
			target = 05C72DAE28F11B2B00AC47EA /* calculator */;
			targetProxy = 05C72DC628F11B2B00AC47EA /* PBXContainerItemProxy */;
		};
		05C72DD128F11B2B00AC47EA /* PBXTargetDependency */ = {
			isa = PBXTargetDependency;
			target = 05C72DAE28F11B2B00AC47EA /* calculator */;
			targetProxy = 05C72DD028F11B2B00AC47EA /* PBXContainerItemProxy */;
		};
/* End PBXTargetDependency section */

/* Begin PBXVariantGroup section */
		05C72DB828F11B2B00AC47EA /* Main.storyboard */ = {
			isa = PBXVariantGroup;
			children = (
				05C72DB928F11B2B00AC47EA /* Base */,
			);
			name = Main.storyboard;
			sourceTree = "<group>";
		};
		05C72DBD28F11B2B00AC47EA /* LaunchScreen.storyboard */ = {
			isa = PBXVariantGroup;
			children = (
				05C72DBE28F11B2B00AC47EA /* Base */,
			);
			name = LaunchScreen.storyboard;
			sourceTree = "<group>";
		};
/* End PBXVariantGroup section */

/* Begin XCBuildConfiguration section */
		05C72DD728F11B2B00AC47EA /* Debug */ = {
			isa = XCBuildConfiguration;
			buildSettings = {
				ALWAYS_SEARCH_USER_PATHS = NO;
				CLANG_ANALYZER_NONNULL = YES;
				CLANG_ANALYZER_NUMBER_OBJECT_CONVERSION = YES_AGGRESSIVE;
				CLANG_CXX_LANGUAGE_STANDARD = "gnu++20";
				CLANG_ENABLE_MODULES = YES;
				CLANG_ENABLE_OBJC_ARC = YES;
				CLANG_ENABLE_OBJC_WEAK = YES;
				CLANG_WARN_BLOCK_CAPTURE_AUTORELEASING = YES;
				CLANG_WARN_BOOL_CONVERSION = YES;
				CLANG_WARN_COMMA = YES;
				CLANG_WARN_CONSTANT_CONVERSION = YES;
				CLANG_WARN_DEPRECATED_OBJC_IMPLEMENTATIONS = YES;
				CLANG_WARN_DIRECT_OBJC_ISA_USAGE = YES_ERROR;
				CLANG_WARN_DOCUMENTATION_COMMENTS = YES;
				CLANG_WARN_EMPTY_BODY = YES;
				CLANG_WARN_ENUM_CONVERSION = YES;
				CLANG_WARN_INFINITE_RECURSION = YES;
				CLANG_WARN_INT_CONVERSION = YES;
				CLANG_WARN_NON_LITERAL_NULL_CONVERSION = YES;
				CLANG_WARN_OBJC_IMPLICIT_RETAIN_SELF = YES;
				CLANG_WARN_OBJC_LITERAL_CONVERSION = YES;
				CLANG_WARN_OBJC_ROOT_CLASS = YES_ERROR;
				CLANG_WARN_QUOTED_INCLUDE_IN_FRAMEWORK_HEADER = YES;
				CLANG_WARN_RANGE_LOOP_ANALYSIS = YES;
				CLANG_WARN_STRICT_PROTOTYPES = YES;
				CLANG_WARN_SUSPICIOUS_MOVE = YES;
				CLANG_WARN_UNGUARDED_AVAILABILITY = YES_AGGRESSIVE;
				CLANG_WARN_UNREACHABLE_CODE = YES;
				CLANG_WARN__DUPLICATE_METHOD_MATCH = YES;
				COPY_PHASE_STRIP = NO;
				DEBUG_INFORMATION_FORMAT = dwarf;
				ENABLE_STRICT_OBJC_MSGSEND = YES;
				ENABLE_TESTABILITY = YES;
				GCC_C_LANGUAGE_STANDARD = gnu11;
				GCC_DYNAMIC_NO_PIC = NO;
				GCC_NO_COMMON_BLOCKS = YES;
				GCC_OPTIMIZATION_LEVEL = 0;
				GCC_PREPROCESSOR_DEFINITIONS = (
					"DEBUG=1",
					"$(inherited)",
				);
				GCC_WARN_64_TO_32_BIT_CONVERSION = YES;
				GCC_WARN_ABOUT_RETURN_TYPE = YES_ERROR;
				GCC_WARN_UNDECLARED_SELECTOR = YES;
				GCC_WARN_UNINITIALIZED_AUTOS = YES_AGGRESSIVE;
				GCC_WARN_UNUSED_FUNCTION = YES;
				GCC_WARN_UNUSED_VARIABLE = YES;
				IPHONEOS_DEPLOYMENT_TARGET = 16.0;
				MTL_ENABLE_DEBUG_INFO = INCLUDE_SOURCE;
				MTL_FAST_MATH = YES;
				ONLY_ACTIVE_ARCH = YES;
				SDKROOT = iphoneos;
				SWIFT_ACTIVE_COMPILATION_CONDITIONS = DEBUG;
				SWIFT_OPTIMIZATION_LEVEL = "-Onone";
			};
			name = Debug;
		};
		05C72DD828F11B2B00AC47EA /* Release */ = {
			isa = XCBuildConfiguration;
			buildSettings = {
				ALWAYS_SEARCH_USER_PATHS = NO;
				CLANG_ANALYZER_NONNULL = YES;
				CLANG_ANALYZER_NUMBER_OBJECT_CONVERSION = YES_AGGRESSIVE;
				CLANG_CXX_LANGUAGE_STANDARD = "gnu++20";
				CLANG_ENABLE_MODULES = YES;
				CLANG_ENABLE_OBJC_ARC = YES;
				CLANG_ENABLE_OBJC_WEAK = YES;
				CLANG_WARN_BLOCK_CAPTURE_AUTORELEASING = YES;
				CLANG_WARN_BOOL_CONVERSION = YES;
				CLANG_WARN_COMMA = YES;
				CLANG_WARN_CONSTANT_CONVERSION = YES;
				CLANG_WARN_DEPRECATED_OBJC_IMPLEMENTATIONS = YES;
				CLANG_WARN_DIRECT_OBJC_ISA_USAGE = YES_ERROR;
				CLANG_WARN_DOCUMENTATION_COMMENTS = YES;
				CLANG_WARN_EMPTY_BODY = YES;
				CLANG_WARN_ENUM_CONVERSION = YES;
				CLANG_WARN_INFINITE_RECURSION = YES;
				CLANG_WARN_INT_CONVERSION = YES;
				CLANG_WARN_NON_LITERAL_NULL_CONVERSION = YES;
				CLANG_WARN_OBJC_IMPLICIT_RETAIN_SELF = YES;
				CLANG_WARN_OBJC_LITERAL_CONVERSION = YES;
				CLANG_WARN_OBJC_ROOT_CLASS = YES_ERROR;
				CLANG_WARN_QUOTED_INCLUDE_IN_FRAMEWORK_HEADER = YES;
				CLANG_WARN_RANGE_LOOP_ANALYSIS = YES;
				CLANG_WARN_STRICT_PROTOTYPES = YES;
				CLANG_WARN_SUSPICIOUS_MOVE = YES;
				CLANG_WARN_UNGUARDED_AVAILABILITY = YES_AGGRESSIVE;
				CLANG_WARN_UNREACHABLE_CODE = YES;
				CLANG_WARN__DUPLICATE_METHOD_MATCH = YES;
				COPY_PHASE_STRIP = NO;
				DEBUG_INFORMATION_FORMAT = "dwarf-with-dsym";
				ENABLE_NS_ASSERTIONS = NO;
				ENABLE_STRICT_OBJC_MSGSEND = YES;
				GCC_C_LANGUAGE_STANDARD = gnu11;
				GCC_NO_COMMON_BLOCKS = YES;
				GCC_WARN_64_TO_32_BIT_CONVERSION = YES;
				GCC_WARN_ABOUT_RETURN_TYPE = YES_ERROR;
				GCC_WARN_UNDECLARED_SELECTOR = YES;
				GCC_WARN_UNINITIALIZED_AUTOS = YES_AGGRESSIVE;
				GCC_WARN_UNUSED_FUNCTION = YES;
				GCC_WARN_UNUSED_VARIABLE = YES;
				IPHONEOS_DEPLOYMENT_TARGET = 16.0;
				MTL_ENABLE_DEBUG_INFO = NO;
				MTL_FAST_MATH = YES;
				SDKROOT = iphoneos;
				SWIFT_COMPILATION_MODE = wholemodule;
				SWIFT_OPTIMIZATION_LEVEL = "-O";
				VALIDATE_PRODUCT = YES;
			};
			name = Release;
		};
		05C72DDA28F11B2B00AC47EA /* Debug */ = {
			isa = XCBuildConfiguration;
			buildSettings = {
				ASSETCATALOG_COMPILER_APPICON_NAME = AppIcon;
				ASSETCATALOG_COMPILER_GLOBAL_ACCENT_COLOR_NAME = AccentColor;
				CODE_SIGN_STYLE = Automatic;
				CURRENT_PROJECT_VERSION = 1;
				GENERATE_INFOPLIST_FILE = YES;
				INFOPLIST_FILE = calculator/Info.plist;
				INFOPLIST_KEY_UIApplicationSupportsIndirectInputEvents = YES;
				INFOPLIST_KEY_UILaunchStoryboardName = LaunchScreen;
				INFOPLIST_KEY_UIMainStoryboardFile = Main;
				INFOPLIST_KEY_UISupportedInterfaceOrientations_iPad = "UIInterfaceOrientationPortrait UIInterfaceOrientationPortraitUpsideDown UIInterfaceOrientationLandscapeLeft UIInterfaceOrientationLandscapeRight";
				INFOPLIST_KEY_UISupportedInterfaceOrientations_iPhone = "UIInterfaceOrientationPortrait UIInterfaceOrientationLandscapeLeft UIInterfaceOrientationLandscapeRight";
				LD_RUNPATH_SEARCH_PATHS = (
					"$(inherited)",
					"@executable_path/Frameworks",
				);
				MARKETING_VERSION = 1.0;
				PRODUCT_BUNDLE_IDENTIFIER = com.dongunyun.calculator;
				PRODUCT_NAME = "$(TARGET_NAME)";
				SWIFT_EMIT_LOC_STRINGS = YES;
				SWIFT_VERSION = 5.0;
				TARGETED_DEVICE_FAMILY = "1,2";
			};
			name = Debug;
		};
		05C72DDB28F11B2B00AC47EA /* Release */ = {
			isa = XCBuildConfiguration;
			buildSettings = {
				ASSETCATALOG_COMPILER_APPICON_NAME = AppIcon;
				ASSETCATALOG_COMPILER_GLOBAL_ACCENT_COLOR_NAME = AccentColor;
				CODE_SIGN_STYLE = Automatic;
				CURRENT_PROJECT_VERSION = 1;
				GENERATE_INFOPLIST_FILE = YES;
				INFOPLIST_FILE = calculator/Info.plist;
				INFOPLIST_KEY_UIApplicationSupportsIndirectInputEvents = YES;
				INFOPLIST_KEY_UILaunchStoryboardName = LaunchScreen;
				INFOPLIST_KEY_UIMainStoryboardFile = Main;
				INFOPLIST_KEY_UISupportedInterfaceOrientations_iPad = "UIInterfaceOrientationPortrait UIInterfaceOrientationPortraitUpsideDown UIInterfaceOrientationLandscapeLeft UIInterfaceOrientationLandscapeRight";
				INFOPLIST_KEY_UISupportedInterfaceOrientations_iPhone = "UIInterfaceOrientationPortrait UIInterfaceOrientationLandscapeLeft UIInterfaceOrientationLandscapeRight";
				LD_RUNPATH_SEARCH_PATHS = (
					"$(inherited)",
					"@executable_path/Frameworks",
				);
				MARKETING_VERSION = 1.0;
				PRODUCT_BUNDLE_IDENTIFIER = com.dongunyun.calculator;
				PRODUCT_NAME = "$(TARGET_NAME)";
				SWIFT_EMIT_LOC_STRINGS = YES;
				SWIFT_VERSION = 5.0;
				TARGETED_DEVICE_FAMILY = "1,2";
			};
			name = Release;
		};
		05C72DDD28F11B2B00AC47EA /* Debug */ = {
			isa = XCBuildConfiguration;
			buildSettings = {
				ALWAYS_EMBED_SWIFT_STANDARD_LIBRARIES = YES;
				BUNDLE_LOADER = "$(TEST_HOST)";
				CODE_SIGN_STYLE = Automatic;
				CURRENT_PROJECT_VERSION = 1;
				GENERATE_INFOPLIST_FILE = YES;
				IPHONEOS_DEPLOYMENT_TARGET = 16.0;
				MARKETING_VERSION = 1.0;
				PRODUCT_BUNDLE_IDENTIFIER = com.dongunyun.calculatorTests;
				PRODUCT_NAME = "$(TARGET_NAME)";
				SWIFT_EMIT_LOC_STRINGS = NO;
				SWIFT_VERSION = 5.0;
				TARGETED_DEVICE_FAMILY = "1,2";
				TEST_HOST = "$(BUILT_PRODUCTS_DIR)/calculator.app/$(BUNDLE_EXECUTABLE_FOLDER_PATH)/calculator";
			};
			name = Debug;
		};
		05C72DDE28F11B2B00AC47EA /* Release */ = {
			isa = XCBuildConfiguration;
			buildSettings = {
				ALWAYS_EMBED_SWIFT_STANDARD_LIBRARIES = YES;
				BUNDLE_LOADER = "$(TEST_HOST)";
				CODE_SIGN_STYLE = Automatic;
				CURRENT_PROJECT_VERSION = 1;
				GENERATE_INFOPLIST_FILE = YES;
				IPHONEOS_DEPLOYMENT_TARGET = 16.0;
				MARKETING_VERSION = 1.0;
				PRODUCT_BUNDLE_IDENTIFIER = com.dongunyun.calculatorTests;
				PRODUCT_NAME = "$(TARGET_NAME)";
				SWIFT_EMIT_LOC_STRINGS = NO;
				SWIFT_VERSION = 5.0;
				TARGETED_DEVICE_FAMILY = "1,2";
				TEST_HOST = "$(BUILT_PRODUCTS_DIR)/calculator.app/$(BUNDLE_EXECUTABLE_FOLDER_PATH)/calculator";
			};
			name = Release;
		};
		05C72DE028F11B2B00AC47EA /* Debug */ = {
			isa = XCBuildConfiguration;
			buildSettings = {
				ALWAYS_EMBED_SWIFT_STANDARD_LIBRARIES = YES;
				CODE_SIGN_STYLE = Automatic;
				CURRENT_PROJECT_VERSION = 1;
				GENERATE_INFOPLIST_FILE = YES;
				MARKETING_VERSION = 1.0;
				PRODUCT_BUNDLE_IDENTIFIER = com.dongunyun.calculatorUITests;
				PRODUCT_NAME = "$(TARGET_NAME)";
				SWIFT_EMIT_LOC_STRINGS = NO;
				SWIFT_VERSION = 5.0;
				TARGETED_DEVICE_FAMILY = "1,2";
				TEST_TARGET_NAME = calculator;
			};
			name = Debug;
		};
		05C72DE128F11B2B00AC47EA /* Release */ = {
			isa = XCBuildConfiguration;
			buildSettings = {
				ALWAYS_EMBED_SWIFT_STANDARD_LIBRARIES = YES;
				CODE_SIGN_STYLE = Automatic;
				CURRENT_PROJECT_VERSION = 1;
				GENERATE_INFOPLIST_FILE = YES;
				MARKETING_VERSION = 1.0;
				PRODUCT_BUNDLE_IDENTIFIER = com.dongunyun.calculatorUITests;
				PRODUCT_NAME = "$(TARGET_NAME)";
				SWIFT_EMIT_LOC_STRINGS = NO;
				SWIFT_VERSION = 5.0;
				TARGETED_DEVICE_FAMILY = "1,2";
				TEST_TARGET_NAME = calculator;
			};
			name = Release;
		};
/* End XCBuildConfiguration section */

/* Begin XCConfigurationList section */
		05C72DAA28F11B2B00AC47EA /* Build configuration list for PBXProject "calculator" */ = {
			isa = XCConfigurationList;
			buildConfigurations = (
				05C72DD728F11B2B00AC47EA /* Debug */,
				05C72DD828F11B2B00AC47EA /* Release */,
			);
			defaultConfigurationIsVisible = 0;
			defaultConfigurationName = Release;
		};
		05C72DD928F11B2B00AC47EA /* Build configuration list for PBXNativeTarget "calculator" */ = {
			isa = XCConfigurationList;
			buildConfigurations = (
				05C72DDA28F11B2B00AC47EA /* Debug */,
				05C72DDB28F11B2B00AC47EA /* Release */,
			);
			defaultConfigurationIsVisible = 0;
			defaultConfigurationName = Release;
		};
		05C72DDC28F11B2B00AC47EA /* Build configuration list for PBXNativeTarget "calculatorTests" */ = {
			isa = XCConfigurationList;
			buildConfigurations = (
				05C72DDD28F11B2B00AC47EA /* Debug */,
				05C72DDE28F11B2B00AC47EA /* Release */,
			);
			defaultConfigurationIsVisible = 0;
			defaultConfigurationName = Release;
		};
		05C72DDF28F11B2B00AC47EA /* Build configuration list for PBXNativeTarget "calculatorUITests" */ = {
			isa = XCConfigurationList;
			buildConfigurations = (
				05C72DE028F11B2B00AC47EA /* Debug */,
				05C72DE128F11B2B00AC47EA /* Release */,
			);
			defaultConfigurationIsVisible = 0;
			defaultConfigurationName = Release;
		};
/* End XCConfigurationList section */
	};
	rootObject = 05C72DA728F11B2B00AC47EA /* Project object */;
}
